
Microsoft Visual Studio Solution File, Format Version 12.00
# Visual Studio Version 17
VisualStudioVersion = 17.10.35013.160
MinimumVisualStudioVersion = 10.0.40219.1
Project("{FAE04EC0-301F-11D3-BF4B-00C04F79EFBC}") = "MasterPage", "MasterPage\MasterPage.csproj", "{6EC0EF7A-5389-4CDD-8843-7E2F174AB28E}"
EndProject
Global
	GlobalSection(SolutionConfigurationPlatforms) = preSolution
		Debug|Any CPU = Debug|Any CPU
		Release|Any CPU = Release|Any CPU
	EndGlobalSection
	GlobalSection(ProjectConfigurationPlatforms) = postSolution
		{6EC0EF7A-5389-4CDD-8843-7E2F174AB28E}.Debug|Any CPU.ActiveCfg = Debug|Any CPU
		{6EC0EF7A-5389-4CDD-8843-7E2F174AB28E}.Debug|Any CPU.Build.0 = Debug|Any CPU
		{6EC0EF7A-5389-4CDD-8843-7E2F174AB28E}.Release|Any CPU.ActiveCfg = Release|Any CPU
		{6EC0EF7A-5389-4CDD-8843-7E2F174AB28E}.Release|Any CPU.Build.0 = Release|Any CPU
	EndGlobalSection
	GlobalSection(SolutionProperties) = preSolution
		HideSolutionNode = FALSE
	EndGlobalSection
	GlobalSection(ExtensibilityGlobals) = postSolution
		SolutionGuid = {5FD5A0D5-90F6-4F73-A707-2F07E49B1FB3}
	EndGlobalSection
EndGlobal
