
Microsoft Visual Studio Solution File, Format Version 12.00
# Visual Studio Version 17
VisualStudioVersion = 17.10.35013.160
MinimumVisualStudioVersion = 10.0.40219.1
Project("{FAE04EC0-301F-11D3-BF4B-00C04F79EFBC}") = "exam", "exam\exam.csproj", "{03A8CA5D-4C69-4CC1-8CB8-F5294CD68828}"
EndProject
Global
	GlobalSection(SolutionConfigurationPlatforms) = preSolution
		Debug|Any CPU = Debug|Any CPU
		Release|Any CPU = Release|Any CPU
	EndGlobalSection
	GlobalSection(ProjectConfigurationPlatforms) = postSolution
		{03A8CA5D-4C69-4CC1-8CB8-F5294CD68828}.Debug|Any CPU.ActiveCfg = Debug|Any CPU
		{03A8CA5D-4C69-4CC1-8CB8-F5294CD68828}.Debug|Any CPU.Build.0 = Debug|Any CPU
		{03A8CA5D-4C69-4CC1-8CB8-F5294CD68828}.Release|Any CPU.ActiveCfg = Release|Any CPU
		{03A8CA5D-4C69-4CC1-8CB8-F5294CD68828}.Release|Any CPU.Build.0 = Release|Any CPU
	EndGlobalSection
	GlobalSection(SolutionProperties) = preSolution
		HideSolutionNode = FALSE
	EndGlobalSection
	GlobalSection(ExtensibilityGlobals) = postSolution
		SolutionGuid = {E90C2D7A-0AB1-485B-9071-754C3A4F3126}
	EndGlobalSection
EndGlobal
