
Microsoft Visual Studio Solution File, Format Version 12.00
# Visual Studio Version 17
VisualStudioVersion = 17.10.35013.160
MinimumVisualStudioVersion = 10.0.40219.1
Project("{FAE04EC0-301F-11D3-BF4B-00C04F79EFBC}") = "WebApplication1", "WebApplication1\WebApplication1.csproj", "{C710E21A-DBE3-44A2-9628-E37F0C3AD254}"
EndProject
Global
	GlobalSection(SolutionConfigurationPlatforms) = preSolution
		Debug|Any CPU = Debug|Any CPU
		Release|Any CPU = Release|Any CPU
	EndGlobalSection
	GlobalSection(ProjectConfigurationPlatforms) = postSolution
		{C710E21A-DBE3-44A2-9628-E37F0C3AD254}.Debug|Any CPU.ActiveCfg = Debug|Any CPU
		{C710E21A-DBE3-44A2-9628-E37F0C3AD254}.Debug|Any CPU.Build.0 = Debug|Any CPU
		{C710E21A-DBE3-44A2-9628-E37F0C3AD254}.Release|Any CPU.ActiveCfg = Release|Any CPU
		{C710E21A-DBE3-44A2-9628-E37F0C3AD254}.Release|Any CPU.Build.0 = Release|Any CPU
	EndGlobalSection
	GlobalSection(SolutionProperties) = preSolution
		HideSolutionNode = FALSE
	EndGlobalSection
	GlobalSection(ExtensibilityGlobals) = postSolution
		SolutionGuid = {EE9FF751-FF91-4225-AD65-88329A89F42A}
	EndGlobalSection
EndGlobal
