
Microsoft Visual Studio Solution File, Format Version 12.00
# Visual Studio Version 17
VisualStudioVersion = 17.10.35013.160
MinimumVisualStudioVersion = 10.0.40219.1
Project("{FAE04EC0-301F-11D3-BF4B-00C04F79EFBC}") = "Sessional2", "Sessional2\Sessional2.csproj", "{6960B40C-65F5-4055-8F93-0F8B1E1BD00E}"
EndProject
Global
	GlobalSection(SolutionConfigurationPlatforms) = preSolution
		Debug|Any CPU = Debug|Any CPU
		Release|Any CPU = Release|Any CPU
	EndGlobalSection
	GlobalSection(ProjectConfigurationPlatforms) = postSolution
		{6960B40C-65F5-4055-8F93-0F8B1E1BD00E}.Debug|Any CPU.ActiveCfg = Debug|Any CPU
		{6960B40C-65F5-4055-8F93-0F8B1E1BD00E}.Debug|Any CPU.Build.0 = Debug|Any CPU
		{6960B40C-65F5-4055-8F93-0F8B1E1BD00E}.Release|Any CPU.ActiveCfg = Release|Any CPU
		{6960B40C-65F5-4055-8F93-0F8B1E1BD00E}.Release|Any CPU.Build.0 = Release|Any CPU
	EndGlobalSection
	GlobalSection(SolutionProperties) = preSolution
		HideSolutionNode = FALSE
	EndGlobalSection
	GlobalSection(ExtensibilityGlobals) = postSolution
		SolutionGuid = {C578C8BC-CF5C-4A38-AC28-37EB8683B0BC}
	EndGlobalSection
EndGlobal
