
Microsoft Visual Studio Solution File, Format Version 12.00
# Visual Studio Version 17
VisualStudioVersion = 17.10.35013.160
MinimumVisualStudioVersion = 10.0.40219.1
Project("{FAE04EC0-301F-11D3-BF4B-00C04F79EFBC}") = "10", "10\10.csproj", "{7E3DC466-B586-4AB9-84A3-F6EA7511CA23}"
EndProject
Global
	GlobalSection(SolutionConfigurationPlatforms) = preSolution
		Debug|Any CPU = Debug|Any CPU
		Release|Any CPU = Release|Any CPU
	EndGlobalSection
	GlobalSection(ProjectConfigurationPlatforms) = postSolution
		{7E3DC466-B586-4AB9-84A3-F6EA7511CA23}.Debug|Any CPU.ActiveCfg = Debug|Any CPU
		{7E3DC466-B586-4AB9-84A3-F6EA7511CA23}.Debug|Any CPU.Build.0 = Debug|Any CPU
		{7E3DC466-B586-4AB9-84A3-F6EA7511CA23}.Release|Any CPU.ActiveCfg = Release|Any CPU
		{7E3DC466-B586-4AB9-84A3-F6EA7511CA23}.Release|Any CPU.Build.0 = Release|Any CPU
	EndGlobalSection
	GlobalSection(SolutionProperties) = preSolution
		HideSolutionNode = FALSE
	EndGlobalSection
	GlobalSection(ExtensibilityGlobals) = postSolution
		SolutionGuid = {A16B1A42-CFAA-4684-BBA5-1F8ED2775D4E}
	EndGlobalSection
EndGlobal
