
Microsoft Visual Studio Solution File, Format Version 12.00
# Visual Studio Version 17
VisualStudioVersion = 17.10.35013.160
MinimumVisualStudioVersion = 10.0.40219.1
Project("{FAE04EC0-301F-11D3-BF4B-00C04F79EFBC}") = "5", "5\5.csproj", "{84A50BC8-4751-4AD7-AABD-27517001AEDF}"
EndProject
Global
	GlobalSection(SolutionConfigurationPlatforms) = preSolution
		Debug|Any CPU = Debug|Any CPU
		Release|Any CPU = Release|Any CPU
	EndGlobalSection
	GlobalSection(ProjectConfigurationPlatforms) = postSolution
		{84A50BC8-4751-4AD7-AABD-27517001AEDF}.Debug|Any CPU.ActiveCfg = Debug|Any CPU
		{84A50BC8-4751-4AD7-AABD-27517001AEDF}.Debug|Any CPU.Build.0 = Debug|Any CPU
		{84A50BC8-4751-4AD7-AABD-27517001AEDF}.Release|Any CPU.ActiveCfg = Release|Any CPU
		{84A50BC8-4751-4AD7-AABD-27517001AEDF}.Release|Any CPU.Build.0 = Release|Any CPU
	EndGlobalSection
	GlobalSection(SolutionProperties) = preSolution
		HideSolutionNode = FALSE
	EndGlobalSection
	GlobalSection(ExtensibilityGlobals) = postSolution
		SolutionGuid = {1EA1B518-734A-4575-B164-6325C3A6064B}
	EndGlobalSection
EndGlobal
